// !$*UTF8*$!
{
	archiveVersion = 1;
	classes = {
	};
	objectVersion = 50;
	objects = {

/* Begin PBXBuildFile section */
		0661CA7F228F340D0018E48D /* AppDelegate.swift in Sources */ = {isa = PBXBuildFile; fileRef = 0661CA7E228F340D0018E48D /* AppDelegate.swift */; };
		0661CA81228F340D0018E48D /* ViewController.swift in Sources */ = {isa = PBXBuildFile; fileRef = 0661CA80228F340D0018E48D /* ViewController.swift */; };
		0661CA84228F340D0018E48D /* Main.storyboard in Resources */ = {isa = PBXBuildFile; fileRef = 0661CA82228F340D0018E48D /* Main.storyboard */; };
		0661CA86228F340F0018E48D /* Assets.xcassets in Resources */ = {isa = PBXBuildFile; fileRef = 0661CA85228F340F0018E48D /* Assets.xcassets */; };
		0661CA89228F340F0018E48D /* LaunchScreen.storyboard in Resources */ = {isa = PBXBuildFile; fileRef = 0661CA87228F340F0018E48D /* LaunchScreen.storyboard */; };
		0661CA94228F340F0018E48D /* FileDownloaderTests.swift in Sources */ = {isa = PBXBuildFile; fileRef = 0661CA93228F340F0018E48D /* FileDownloaderTests.swift */; };
/* End PBXBuildFile section */

/* Begin PBXContainerItemProxy section */
		0661CA90228F340F0018E48D /* PBXContainerItemProxy */ = {
			isa = PBXContainerItemProxy;
			containerPortal = 0661CA73228F340D0018E48D /* Project object */;
			proxyType = 1;
			remoteGlobalIDString = 0661CA7A228F340D0018E48D;
			remoteInfo = FileDownloader;
		};
/* End PBXContainerItemProxy section */

/* Begin PBXFileReference section */
		0661CA7B228F340D0018E48D /* FileDownloader.app */ = {isa = PBXFileReference; explicitFileType = wrapper.application; includeInIndex = 0; path = FileDownloader.app; sourceTree = BUILT_PRODUCTS_DIR; };
		0661CA7E228F340D0018E48D /* AppDelegate.swift */ = {isa = PBXFileReference; lastKnownFileType = sourcecode.swift; path = AppDelegate.swift; sourceTree = "<group>"; };
		0661CA80228F340D0018E48D /* ViewController.swift */ = {isa = PBXFileReference; lastKnownFileType = sourcecode.swift; path = ViewController.swift; sourceTree = "<group>"; };
		0661CA83228F340D0018E48D /* Base */ = {isa = PBXFileReference; lastKnownFileType = file.storyboard; name = Base; path = Base.lproj/Main.storyboard; sourceTree = "<group>"; };
		0661CA85228F340F0018E48D /* Assets.xcassets */ = {isa = PBXFileReference; lastKnownFileType = folder.assetcatalog; path = Assets.xcassets; sourceTree = "<group>"; };
		0661CA88228F340F0018E48D /* Base */ = {isa = PBXFileReference; lastKnownFileType = file.storyboard; name = Base; path = Base.lproj/LaunchScreen.storyboard; sourceTree = "<group>"; };
		0661CA8A228F340F0018E48D /* Info.plist */ = {isa = PBXFileReference; lastKnownFileType = text.plist.xml; path = Info.plist; sourceTree = "<group>"; };
		0661CA8F228F340F0018E48D /* FileDownloaderTests.xctest */ = {isa = PBXFileReference; explicitFileType = wrapper.cfbundle; includeInIndex = 0; path = FileDownloaderTests.xctest; sourceTree = BUILT_PRODUCTS_DIR; };
		0661CA93228F340F0018E48D /* FileDownloaderTests.swift */ = {isa = PBXFileReference; lastKnownFileType = sourcecode.swift; path = FileDownloaderTests.swift; sourceTree = "<group>"; };
		0661CA95228F340F0018E48D /* Info.plist */ = {isa = PBXFileReference; lastKnownFileType = text.plist.xml; path = Info.plist; sourceTree = "<group>"; };
/* End PBXFileReference section */

/* Begin PBXFrameworksBuildPhase section */
		0661CA78228F340D0018E48D /* Frameworks */ = {
			isa = PBXFrameworksBuildPhase;
			buildActionMask = 2147483647;
			files = (
			);
			runOnlyForDeploymentPostprocessing = 0;
		};
		0661CA8C228F340F0018E48D /* Frameworks */ = {
			isa = PBXFrameworksBuildPhase;
			buildActionMask = 2147483647;
			files = (
			);
			runOnlyForDeploymentPostprocessing = 0;
		};
/* End PBXFrameworksBuildPhase section */

/* Begin PBXGroup section */
		0661CA72228F340D0018E48D = {
			isa = PBXGroup;
			children = (
				0661CA7D228F340D0018E48D /* FileDownloader */,
				0661CA92228F340F0018E48D /* FileDownloaderTests */,
				0661CA7C228F340D0018E48D /* Products */,
			);
			sourceTree = "<group>";
		};
		0661CA7C228F340D0018E48D /* Products */ = {
			isa = PBXGroup;
			children = (
				0661CA7B228F340D0018E48D /* FileDownloader.app */,
				0661CA8F228F340F0018E48D /* FileDownloaderTests.xctest */,
			);
			name = Products;
			sourceTree = "<group>";
		};
		0661CA7D228F340D0018E48D /* FileDownloader */ = {
			isa = PBXGroup;
			children = (
				0661CA7E228F340D0018E48D /* AppDelegate.swift */,
				0661CA80228F340D0018E48D /* ViewController.swift */,
				0661CA82228F340D0018E48D /* Main.storyboard */,
				0661CA85228F340F0018E48D /* Assets.xcassets */,
				0661CA87228F340F0018E48D /* LaunchScreen.storyboard */,
				0661CA8A228F340F0018E48D /* Info.plist */,
			);
			path = FileDownloader;
			sourceTree = "<group>";
		};
		0661CA92228F340F0018E48D /* FileDownloaderTests */ = {
			isa = PBXGroup;
			children = (
				0661CA93228F340F0018E48D /* FileDownloaderTests.swift */,
				0661CA95228F340F0018E48D /* Info.plist */,
			);
			path = FileDownloaderTests;
			sourceTree = "<group>";
		};
/* End PBXGroup section */

/* Begin PBXNativeTarget section */
		0661CA7A228F340D0018E48D /* FileDownloader */ = {
			isa = PBXNativeTarget;
			buildConfigurationList = 0661CA98228F340F0018E48D /* Build configuration list for PBXNativeTarget "FileDownloader" */;
			buildPhases = (
				0661CA77228F340D0018E48D /* Sources */,
				0661CA78228F340D0018E48D /* Frameworks */,
				0661CA79228F340D0018E48D /* Resources */,
			);
			buildRules = (
			);
			dependencies = (
			);
			name = FileDownloader;
			productName = FileDownloader;
			productReference = 0661CA7B228F340D0018E48D /* FileDownloader.app */;
			productType = "com.apple.product-type.application";
		};
		0661CA8E228F340F0018E48D /* FileDownloaderTests */ = {
			isa = PBXNativeTarget;
			buildConfigurationList = 0661CA9B228F340F0018E48D /* Build configuration list for PBXNativeTarget "FileDownloaderTests" */;
			buildPhases = (
				0661CA8B228F340F0018E48D /* Sources */,
				0661CA8C228F340F0018E48D /* Frameworks */,
				0661CA8D228F340F0018E48D /* Resources */,
			);
			buildRules = (
			);
			dependencies = (
				0661CA91228F340F0018E48D /* PBXTargetDependency */,
			);
			name = FileDownloaderTests;
			productName = FileDownloaderTests;
			productReference = 0661CA8F228F340F0018E48D /* FileDownloaderTests.xctest */;
			productType = "com.apple.product-type.bundle.unit-test";
		};
/* End PBXNativeTarget section */

/* Begin PBXProject section */
		0661CA73228F340D0018E48D /* Project object */ = {
			isa = PBXProject;
			attributes = {
				LastSwiftUpdateCheck = 1020;
				LastUpgradeCheck = 1020;
				ORGANIZATIONNAME = "Mostafa sayed";
				TargetAttributes = {
					0661CA7A228F340D0018E48D = {
						CreatedOnToolsVersion = 10.2;
					};
					0661CA8E228F340F0018E48D = {
						CreatedOnToolsVersion = 10.2;
						TestTargetID = 0661CA7A228F340D0018E48D;
					};
				};
			};
			buildConfigurationList = 0661CA76228F340D0018E48D /* Build configuration list for PBXProject "FileDownloader" */;
			compatibilityVersion = "Xcode 9.3";
			developmentRegion = en;
			hasScannedForEncodings = 0;
			knownRegions = (
				en,
				Base,
			);
			mainGroup = 0661CA72228F340D0018E48D;
			productRefGroup = 0661CA7C228F340D0018E48D /* Products */;
			projectDirPath = "";
			projectRoot = "";
			targets = (
				0661CA7A228F340D0018E48D /* FileDownloader */,
				0661CA8E228F340F0018E48D /* FileDownloaderTests */,
			);
		};
/* End PBXProject section */

/* Begin PBXResourcesBuildPhase section */
		0661CA79228F340D0018E48D /* Resources */ = {
			isa = PBXResourcesBuildPhase;
			buildActionMask = 2147483647;
			files = (
				0661CA89228F340F0018E48D /* LaunchScreen.storyboard in Resources */,
				0661CA86228F340F0018E48D /* Assets.xcassets in Resources */,
				0661CA84228F340D0018E48D /* Main.storyboard in Resources */,
			);
			runOnlyForDeploymentPostprocessing = 0;
		};
		0661CA8D228F340F0018E48D /* Resources */ = {
			isa = PBXResourcesBuildPhase;
			buildActionMask = 2147483647;
			files = (
			);
			runOnlyForDeploymentPostprocessing = 0;
		};
/* End PBXResourcesBuildPhase section */

/* Begin PBXSourcesBuildPhase section */
		0661CA77228F340D0018E48D /* Sources */ = {
			isa = PBXSourcesBuildPhase;
			buildActionMask = 2147483647;
			files = (
				0661CA81228F340D0018E48D /* ViewController.swift in Sources */,
				0661CA7F228F340D0018E48D /* AppDelegate.swift in Sources */,
			);
			runOnlyForDeploymentPostprocessing = 0;
		};
		0661CA8B228F340F0018E48D /* Sources */ = {
			isa = PBXSourcesBuildPhase;
			buildActionMask = 2147483647;
			files = (
				0661CA94228F340F0018E48D /* FileDownloaderTests.swift in Sources */,
			);
			runOnlyForDeploymentPostprocessing = 0;
		};
/* End PBXSourcesBuildPhase section */

/* Begin PBXTargetDependency section */
		0661CA91228F340F0018E48D /* PBXTargetDependency */ = {
			isa = PBXTargetDependency;
			target = 0661CA7A228F340D0018E48D /* FileDownloader */;
			targetProxy = 0661CA90228F340F0018E48D /* PBXContainerItemProxy */;
		};
/* End PBXTargetDependency section */

/* Begin PBXVariantGroup section */
		0661CA82228F340D0018E48D /* Main.storyboard */ = {
			isa = PBXVariantGroup;
			children = (
				0661CA83228F340D0018E48D /* Base */,
			);
			name = Main.storyboard;
			sourceTree = "<group>";
		};
		0661CA87228F340F0018E48D /* LaunchScreen.storyboard */ = {
			isa = PBXVariantGroup;
			children = (
				0661CA88228F340F0018E48D /* Base */,
			);
			name = LaunchScreen.storyboard;
			sourceTree = "<group>";
		};
/* End PBXVariantGroup section */

/* Begin XCBuildConfiguration section */
		0661CA96228F340F0018E48D /* Debug */ = {
			isa = XCBuildConfiguration;
			buildSettings = {
				ALWAYS_SEARCH_USER_PATHS = NO;
				CLANG_ANALYZER_NONNULL = YES;
				CLANG_ANALYZER_NUMBER_OBJECT_CONVERSION = YES_AGGRESSIVE;
				CLANG_CXX_LANGUAGE_STANDARD = "gnu++14";
				CLANG_CXX_LIBRARY = "libc++";
				CLANG_ENABLE_MODULES = YES;
				CLANG_ENABLE_OBJC_ARC = YES;
				CLANG_ENABLE_OBJC_WEAK = YES;
				CLANG_WARN_BLOCK_CAPTURE_AUTORELEASING = YES;
				CLANG_WARN_BOOL_CONVERSION = YES;
				CLANG_WARN_COMMA = YES;
				CLANG_WARN_CONSTANT_CONVERSION = YES;
				CLANG_WARN_DEPRECATED_OBJC_IMPLEMENTATIONS = YES;
				CLANG_WARN_DIRECT_OBJC_ISA_USAGE = YES_ERROR;
				CLANG_WARN_DOCUMENTATION_COMMENTS = YES;
				CLANG_WARN_EMPTY_BODY = YES;
				CLANG_WARN_ENUM_CONVERSION = YES;
				CLANG_WARN_INFINITE_RECURSION = YES;
				CLANG_WARN_INT_CONVERSION = YES;
				CLANG_WARN_NON_LITERAL_NULL_CONVERSION = YES;
				CLANG_WARN_OBJC_IMPLICIT_RETAIN_SELF = YES;
				CLANG_WARN_OBJC_LITERAL_CONVERSION = YES;
				CLANG_WARN_OBJC_ROOT_CLASS = YES_ERROR;
				CLANG_WARN_RANGE_LOOP_ANALYSIS = YES;
				CLANG_WARN_STRICT_PROTOTYPES = YES;
				CLANG_WARN_SUSPICIOUS_MOVE = YES;
				CLANG_WARN_UNGUARDED_AVAILABILITY = YES_AGGRESSIVE;
				CLANG_WARN_UNREACHABLE_CODE = YES;
				CLANG_WARN__DUPLICATE_METHOD_MATCH = YES;
				CODE_SIGN_IDENTITY = "iPhone Developer";
				COPY_PHASE_STRIP = NO;
				DEBUG_INFORMATION_FORMAT = dwarf;
				ENABLE_STRICT_OBJC_MSGSEND = YES;
				ENABLE_TESTABILITY = YES;
				GCC_C_LANGUAGE_STANDARD = gnu11;
				GCC_DYNAMIC_NO_PIC = NO;
				GCC_NO_COMMON_BLOCKS = YES;
				GCC_OPTIMIZATION_LEVEL = 0;
				GCC_PREPROCESSOR_DEFINITIONS = (
					"DEBUG=1",
					"$(inherited)",
				);
				GCC_WARN_64_TO_32_BIT_CONVERSION = YES;
				GCC_WARN_ABOUT_RETURN_TYPE = YES_ERROR;
				GCC_WARN_UNDECLARED_SELECTOR = YES;
				GCC_WARN_UNINITIALIZED_AUTOS = YES_AGGRESSIVE;
				GCC_WARN_UNUSED_FUNCTION = YES;
				GCC_WARN_UNUSED_VARIABLE = YES;
				IPHONEOS_DEPLOYMENT_TARGET = 12.2;
				MTL_ENABLE_DEBUG_INFO = INCLUDE_SOURCE;
				MTL_FAST_MATH = YES;
				ONLY_ACTIVE_ARCH = YES;
				SDKROOT = iphoneos;
				SWIFT_ACTIVE_COMPILATION_CONDITIONS = DEBUG;
				SWIFT_OPTIMIZATION_LEVEL = "-Onone";
			};
			name = Debug;
		};
		0661CA97228F340F0018E48D /* Release */ = {
			isa = XCBuildConfiguration;
			buildSettings = {
				ALWAYS_SEARCH_USER_PATHS = NO;
				CLANG_ANALYZER_NONNULL = YES;
				CLANG_ANALYZER_NUMBER_OBJECT_CONVERSION = YES_AGGRESSIVE;
				CLANG_CXX_LANGUAGE_STANDARD = "gnu++14";
				CLANG_CXX_LIBRARY = "libc++";
				CLANG_ENABLE_MODULES = YES;
				CLANG_ENABLE_OBJC_ARC = YES;
				CLANG_ENABLE_OBJC_WEAK = YES;
				CLANG_WARN_BLOCK_CAPTURE_AUTORELEASING = YES;
				CLANG_WARN_BOOL_CONVERSION = YES;
				CLANG_WARN_COMMA = YES;
				CLANG_WARN_CONSTANT_CONVERSION = YES;
				CLANG_WARN_DEPRECATED_OBJC_IMPLEMENTATIONS = YES;
				CLANG_WARN_DIRECT_OBJC_ISA_USAGE = YES_ERROR;
				CLANG_WARN_DOCUMENTATION_COMMENTS = YES;
				CLANG_WARN_EMPTY_BODY = YES;
				CLANG_WARN_ENUM_CONVERSION = YES;
				CLANG_WARN_INFINITE_RECURSION = YES;
				CLANG_WARN_INT_CONVERSION = YES;
				CLANG_WARN_NON_LITERAL_NULL_CONVERSION = YES;
				CLANG_WARN_OBJC_IMPLICIT_RETAIN_SELF = YES;
				CLANG_WARN_OBJC_LITERAL_CONVERSION = YES;
				CLANG_WARN_OBJC_ROOT_CLASS = YES_ERROR;
				CLANG_WARN_RANGE_LOOP_ANALYSIS = YES;
				CLANG_WARN_STRICT_PROTOTYPES = YES;
				CLANG_WARN_SUSPICIOUS_MOVE = YES;
				CLANG_WARN_UNGUARDED_AVAILABILITY = YES_AGGRESSIVE;
				CLANG_WARN_UNREACHABLE_CODE = YES;
				CLANG_WARN__DUPLICATE_METHOD_MATCH = YES;
				CODE_SIGN_IDENTITY = "iPhone Developer";
				COPY_PHASE_STRIP = NO;
				DEBUG_INFORMATION_FORMAT = "dwarf-with-dsym";
				ENABLE_NS_ASSERTIONS = NO;
				ENABLE_STRICT_OBJC_MSGSEND = YES;
				GCC_C_LANGUAGE_STANDARD = gnu11;
				GCC_NO_COMMON_BLOCKS = YES;
				GCC_WARN_64_TO_32_BIT_CONVERSION = YES;
				GCC_WARN_ABOUT_RETURN_TYPE = YES_ERROR;
				GCC_WARN_UNDECLARED_SELECTOR = YES;
				GCC_WARN_UNINITIALIZED_AUTOS = YES_AGGRESSIVE;
				GCC_WARN_UNUSED_FUNCTION = YES;
				GCC_WARN_UNUSED_VARIABLE = YES;
				IPHONEOS_DEPLOYMENT_TARGET = 12.2;
				MTL_ENABLE_DEBUG_INFO = NO;
				MTL_FAST_MATH = YES;
				SDKROOT = iphoneos;
				SWIFT_COMPILATION_MODE = wholemodule;
				SWIFT_OPTIMIZATION_LEVEL = "-O";
				VALIDATE_PRODUCT = YES;
			};
			name = Release;
		};
		0661CA99228F340F0018E48D /* Debug */ = {
			isa = XCBuildConfiguration;
			buildSettings = {
				ASSETCATALOG_COMPILER_APPICON_NAME = AppIcon;
				CODE_SIGN_STYLE = Automatic;
				DEVELOPMENT_TEAM = 5C5657XP2G;
				INFOPLIST_FILE = FileDownloader/Info.plist;
				LD_RUNPATH_SEARCH_PATHS = (
					"$(inherited)",
					"@executable_path/Frameworks",
				);
				PRODUCT_BUNDLE_IDENTIFIER = com.Mostafa.FileDownloader;
				PRODUCT_NAME = "$(TARGET_NAME)";
				SWIFT_VERSION = 5.0;
				TARGETED_DEVICE_FAMILY = "1,2";
			};
			name = Debug;
		};
		0661CA9A228F340F0018E48D /* Release */ = {
			isa = XCBuildConfiguration;
			buildSettings = {
				ASSETCATALOG_COMPILER_APPICON_NAME = AppIcon;
				CODE_SIGN_STYLE = Automatic;
				DEVELOPMENT_TEAM = 5C5657XP2G;
				INFOPLIST_FILE = FileDownloader/Info.plist;
				LD_RUNPATH_SEARCH_PATHS = (
					"$(inherited)",
					"@executable_path/Frameworks",
				);
				PRODUCT_BUNDLE_IDENTIFIER = com.Mostafa.FileDownloader;
				PRODUCT_NAME = "$(TARGET_NAME)";
				SWIFT_VERSION = 5.0;
				TARGETED_DEVICE_FAMILY = "1,2";
			};
			name = Release;
		};
		0661CA9C228F340F0018E48D /* Debug */ = {
			isa = XCBuildConfiguration;
			buildSettings = {
				ALWAYS_EMBED_SWIFT_STANDARD_LIBRARIES = YES;
				BUNDLE_LOADER = "$(TEST_HOST)";
				CODE_SIGN_STYLE = Automatic;
				DEVELOPMENT_TEAM = 5C5657XP2G;
				INFOPLIST_FILE = FileDownloaderTests/Info.plist;
				LD_RUNPATH_SEARCH_PATHS = (
					"$(inherited)",
					"@executable_path/Frameworks",
					"@loader_path/Frameworks",
				);
				PRODUCT_BUNDLE_IDENTIFIER = com.Mostafa.FileDownloaderTests;
				PRODUCT_NAME = "$(TARGET_NAME)";
				SWIFT_VERSION = 5.0;
				TARGETED_DEVICE_FAMILY = "1,2";
				TEST_HOST = "$(BUILT_PRODUCTS_DIR)/FileDownloader.app/FileDownloader";
			};
			name = Debug;
		};
		0661CA9D228F340F0018E48D /* Release */ = {
			isa = XCBuildConfiguration;
			buildSettings = {
				ALWAYS_EMBED_SWIFT_STANDARD_LIBRARIES = YES;
				BUNDLE_LOADER = "$(TEST_HOST)";
				CODE_SIGN_STYLE = Automatic;
				DEVELOPMENT_TEAM = 5C5657XP2G;
				INFOPLIST_FILE = FileDownloaderTests/Info.plist;
				LD_RUNPATH_SEARCH_PATHS = (
					"$(inherited)",
					"@executable_path/Frameworks",
					"@loader_path/Frameworks",
				);
				PRODUCT_BUNDLE_IDENTIFIER = com.Mostafa.FileDownloaderTests;
				PRODUCT_NAME = "$(TARGET_NAME)";
				SWIFT_VERSION = 5.0;
				TARGETED_DEVICE_FAMILY = "1,2";
				TEST_HOST = "$(BUILT_PRODUCTS_DIR)/FileDownloader.app/FileDownloader";
			};
			name = Release;
		};
/* End XCBuildConfiguration section */

/* Begin XCConfigurationList section */
		0661CA76228F340D0018E48D /* Build configuration list for PBXProject "FileDownloader" */ = {
			isa = XCConfigurationList;
			buildConfigurations = (
				0661CA96228F340F0018E48D /* Debug */,
				0661CA97228F340F0018E48D /* Release */,
			);
			defaultConfigurationIsVisible = 0;
			defaultConfigurationName = Release;
		};
		0661CA98228F340F0018E48D /* Build configuration list for PBXNativeTarget "FileDownloader" */ = {
			isa = XCConfigurationList;
			buildConfigurations = (
				0661CA99228F340F0018E48D /* Debug */,
				0661CA9A228F340F0018E48D /* Release */,
			);
			defaultConfigurationIsVisible = 0;
			defaultConfigurationName = Release;
		};
		0661CA9B228F340F0018E48D /* Build configuration list for PBXNativeTarget "FileDownloaderTests" */ = {
			isa = XCConfigurationList;
			buildConfigurations = (
				0661CA9C228F340F0018E48D /* Debug */,
				0661CA9D228F340F0018E48D /* Release */,
			);
			defaultConfigurationIsVisible = 0;
			defaultConfigurationName = Release;
		};
/* End XCConfigurationList section */
	};
	rootObject = 0661CA73228F340D0018E48D /* Project object */;
}
